{
  "requires": true,
  "lockfileVersion": 1,
  "dependencies": {
    "@fire-ui/fire-ui": {
      "version": "0.1.1",
      "resolved": "https://registry.npmjs.org/@fire-ui/fire-ui/-/fire-ui-0.1.1.tgz",
      "integrity": "sha512-eSay+F0gtq7Z6zy/RjeXDCus1kCtPjhvdak+u1b5dhxNngEtWhJLzs/kgNwLTuinxpA53WDIPnWprgiChTq55Q=="
    }
  }
}
